
Microsoft Visual Studio Solution File, Format Version 12.00
# Visual Studio Version 17
VisualStudioVersion = 17.0.31903.59
MinimumVisualStudioVersion = 10.0.40219.1
Project("{2150E333-8FDC-42A3-9474-1A3956D46DE8}") = "src", "src", "{9D177D9C-FE0E-48D0-9DFC-3CFD7999E294}"
EndProject
Project("{2150E333-8FDC-42A3-9474-1A3956D46DE8}") = "BuildingBlocks", "BuildingBlocks", "{DF14A574-F507-493A-B0AC-583ECA03AF3B}"
EndProject
Project("{2150E333-8FDC-42A3-9474-1A3956D46DE8}") = "EventBus", "EventBus", "{B4CA8B2F-DB38-44BA-8F7A-2008AB5E7E70}"
EndProject
Project("{9A19103F-16F7-4668-BE54-9A1E7A4F7556}") = "EventBus.Kafka", "src\BuildingBlocks\EventBus\EventBus.Kafka\EventBus.Kafka.csproj", "{5834C5CF-A5CA-449B-8D31-A98C356B5C38}"
EndProject
Project("{2150E333-8FDC-42A3-9474-1A3956D46DE8}") = "Services", "Services", "{C957DA29-3DE9-4D47-87DE-AB0C4CB84D97}"
EndProject
Project("{2150E333-8FDC-42A3-9474-1A3956D46DE8}") = "OrderService", "OrderService", "{D6973EE0-87B6-4CF6-B6AF-23620358C96A}"
EndProject
Project("{9A19103F-16F7-4668-BE54-9A1E7A4F7556}") = "Order.API", "src\Services\OrderService\Order.API\Order.API.csproj", "{0CEFDA8B-4E26-4256-AA23-A6F8CAFA775D}"
EndProject
Project("{2150E333-8FDC-42A3-9474-1A3956D46DE8}") = "PaymentService", "PaymentService", "{BAAE83B6-E71F-4197-BF11-F1737DBCCF2E}"
EndProject
Project("{9A19103F-16F7-4668-BE54-9A1E7A4F7556}") = "Payment.API", "src\Services\PaymentService\Payment.API\Payment.API.csproj", "{FA64C44C-B20F-4704-BEF9-756294DD5A50}"
EndProject
Project("{FAE04EC0-301F-11D3-BF4B-00C04F79EFBC}") = "EventBus.RabbitMQ", "src\BuildingBlocks\EventBus\EventBus.RabbitMQ\EventBus.RabbitMQ.csproj", "{18461A13-7E0B-4F65-AA6E-735FB1B384CA}"
EndProject
Global
	GlobalSection(SolutionConfigurationPlatforms) = preSolution
		Debug|Any CPU = Debug|Any CPU
		Release|Any CPU = Release|Any CPU
	EndGlobalSection
	GlobalSection(ProjectConfigurationPlatforms) = postSolution
		{5834C5CF-A5CA-449B-8D31-A98C356B5C38}.Debug|Any CPU.ActiveCfg = Debug|Any CPU
		{5834C5CF-A5CA-449B-8D31-A98C356B5C38}.Debug|Any CPU.Build.0 = Debug|Any CPU
		{5834C5CF-A5CA-449B-8D31-A98C356B5C38}.Release|Any CPU.ActiveCfg = Release|Any CPU
		{5834C5CF-A5CA-449B-8D31-A98C356B5C38}.Release|Any CPU.Build.0 = Release|Any CPU
		{0CEFDA8B-4E26-4256-AA23-A6F8CAFA775D}.Debug|Any CPU.ActiveCfg = Debug|Any CPU
		{0CEFDA8B-4E26-4256-AA23-A6F8CAFA775D}.Debug|Any CPU.Build.0 = Debug|Any CPU
		{0CEFDA8B-4E26-4256-AA23-A6F8CAFA775D}.Release|Any CPU.ActiveCfg = Release|Any CPU
		{0CEFDA8B-4E26-4256-AA23-A6F8CAFA775D}.Release|Any CPU.Build.0 = Release|Any CPU
		{FA64C44C-B20F-4704-BEF9-756294DD5A50}.Debug|Any CPU.ActiveCfg = Debug|Any CPU
		{FA64C44C-B20F-4704-BEF9-756294DD5A50}.Debug|Any CPU.Build.0 = Debug|Any CPU
		{FA64C44C-B20F-4704-BEF9-756294DD5A50}.Release|Any CPU.ActiveCfg = Release|Any CPU
		{FA64C44C-B20F-4704-BEF9-756294DD5A50}.Release|Any CPU.Build.0 = Release|Any CPU
		{18461A13-7E0B-4F65-AA6E-735FB1B384CA}.Debug|Any CPU.ActiveCfg = Debug|Any CPU
		{18461A13-7E0B-4F65-AA6E-735FB1B384CA}.Debug|Any CPU.Build.0 = Debug|Any CPU
		{18461A13-7E0B-4F65-AA6E-735FB1B384CA}.Release|Any CPU.ActiveCfg = Release|Any CPU
		{18461A13-7E0B-4F65-AA6E-735FB1B384CA}.Release|Any CPU.Build.0 = Release|Any CPU
	EndGlobalSection
	GlobalSection(SolutionProperties) = preSolution
		HideSolutionNode = FALSE
	EndGlobalSection
	GlobalSection(NestedProjects) = preSolution
		{DF14A574-F507-493A-B0AC-583ECA03AF3B} = {9D177D9C-FE0E-48D0-9DFC-3CFD7999E294}
		{B4CA8B2F-DB38-44BA-8F7A-2008AB5E7E70} = {DF14A574-F507-493A-B0AC-583ECA03AF3B}
		{5834C5CF-A5CA-449B-8D31-A98C356B5C38} = {B4CA8B2F-DB38-44BA-8F7A-2008AB5E7E70}
		{C957DA29-3DE9-4D47-87DE-AB0C4CB84D97} = {9D177D9C-FE0E-48D0-9DFC-3CFD7999E294}
		{D6973EE0-87B6-4CF6-B6AF-23620358C96A} = {C957DA29-3DE9-4D47-87DE-AB0C4CB84D97}
		{0CEFDA8B-4E26-4256-AA23-A6F8CAFA775D} = {D6973EE0-87B6-4CF6-B6AF-23620358C96A}
		{BAAE83B6-E71F-4197-BF11-F1737DBCCF2E} = {C957DA29-3DE9-4D47-87DE-AB0C4CB84D97}
		{FA64C44C-B20F-4704-BEF9-756294DD5A50} = {BAAE83B6-E71F-4197-BF11-F1737DBCCF2E}
		{18461A13-7E0B-4F65-AA6E-735FB1B384CA} = {B4CA8B2F-DB38-44BA-8F7A-2008AB5E7E70}
	EndGlobalSection
EndGlobal
